
Microsoft Visual Studio Solution File, Format Version 12.00
# Visual Studio Version 17
VisualStudioVersion = 17.11.35327.3
MinimumVisualStudioVersion = 10.0.40219.1
Project("{FAE04EC0-301F-11D3-BF4B-00C04F79EFBC}") = "evio-email-etapa3", "evio-email-etapa3.csproj", "{A828E191-C0D5-4C7B-877D-BA681AAABF8D}"
EndProject
Global
	GlobalSection(SolutionConfigurationPlatforms) = preSolution
		Debug|Any CPU = Debug|Any CPU
		Release|Any CPU = Release|Any CPU
	EndGlobalSection
	GlobalSection(ProjectConfigurationPlatforms) = postSolution
		{A828E191-C0D5-4C7B-877D-BA681AAABF8D}.Debug|Any CPU.ActiveCfg = Debug|Any CPU
		{A828E191-C0D5-4C7B-877D-BA681AAABF8D}.Debug|Any CPU.Build.0 = Debug|Any CPU
		{A828E191-C0D5-4C7B-877D-BA681AAABF8D}.Release|Any CPU.ActiveCfg = Release|Any CPU
		{A828E191-C0D5-4C7B-877D-BA681AAABF8D}.Release|Any CPU.Build.0 = Release|Any CPU
	EndGlobalSection
	GlobalSection(SolutionProperties) = preSolution
		HideSolutionNode = FALSE
	EndGlobalSection
	GlobalSection(ExtensibilityGlobals) = postSolution
		SolutionGuid = {6CFE3F23-C941-49F9-B4C5-844DC3E39E98}
	EndGlobalSection
EndGlobal
